
Microsoft Visual Studio Solution File, Format Version 12.00
# Visual Studio Version 17
VisualStudioVersion = 17.8.34330.188
MinimumVisualStudioVersion = 10.0.40219.1
Project("{FAE04EC0-301F-11D3-BF4B-00C04F79EFBC}") = "ActionTest", "ActionTest\ActionTest.csproj", "{3F05ABE2-2845-42E1-A3E0-F9E905A13DEC}"
EndProject
Global
	GlobalSection(SolutionConfigurationPlatforms) = preSolution
		Debug|Any CPU = Debug|Any CPU
		Release|Any CPU = Release|Any CPU
	EndGlobalSection
	GlobalSection(ProjectConfigurationPlatforms) = postSolution
		{3F05ABE2-2845-42E1-A3E0-F9E905A13DEC}.Debug|Any CPU.ActiveCfg = Debug|Any CPU
		{3F05ABE2-2845-42E1-A3E0-F9E905A13DEC}.Debug|Any CPU.Build.0 = Debug|Any CPU
		{3F05ABE2-2845-42E1-A3E0-F9E905A13DEC}.Release|Any CPU.ActiveCfg = Release|Any CPU
		{3F05ABE2-2845-42E1-A3E0-F9E905A13DEC}.Release|Any CPU.Build.0 = Release|Any CPU
	EndGlobalSection
	GlobalSection(SolutionProperties) = preSolution
		HideSolutionNode = FALSE
	EndGlobalSection
	GlobalSection(ExtensibilityGlobals) = postSolution
		SolutionGuid = {BE863A9D-4D66-4A0E-A435-3F8C6147BA11}
	EndGlobalSection
EndGlobal
